
Microsoft Visual Studio Solution File, Format Version 12.00
# Visual Studio 14
VisualStudioVersion = 14.0.25420.1
MinimumVisualStudioVersion = 10.0.40219.1
Project("{8BC9CEB8-8B4A-11D0-8D11-00A0C91BC942}") = "exe", "sign\call_sign\call_sign.vcxproj", "{3e6ec4f4-1630-4faf-98be-eefb4be3c735}"
	ProjectSection(ProjectDependencies) = postProject
		{ec21b515-5096-47c3-b369-5da87cb157e4} = {ec21b515-5096-47c3-b369-5da87cb157e4}
	EndProjectSection
EndProject
Project("{8BC9CEB8-8B4A-11D0-8D11-00A0C91BC942}") = "apl", "sign\sign\sign.vcxproj", "{ec21b515-5096-47c3-b369-5da87cb157e4}"
EndProject
Global
	GlobalSection(SolutionConfigurationPlatforms) = preSolution
 		Debug|x64 = Debug|x64
 		Release|x64 = Release|x64
	EndGlobalSection
	GlobalSection(ProjectConfigurationPlatforms) = postSolution
 		{3e6ec4f4-1630-4faf-98be-eefb4be3c735}.Debug|x64.ActiveCfg = Debug|x64
 		{3e6ec4f4-1630-4faf-98be-eefb4be3c735}.Debug|x64.Build.0 = Debug|x64
 		{3e6ec4f4-1630-4faf-98be-eefb4be3c735}.Release|x64.ActiveCfg = Release|x64
 		{3e6ec4f4-1630-4faf-98be-eefb4be3c735}.Release|x64.Build.0 = Release|x64
 		{ec21b515-5096-47c3-b369-5da87cb157e4}.Debug|x64.ActiveCfg = Debug|x64
 		{ec21b515-5096-47c3-b369-5da87cb157e4}.Debug|x64.Build.0 = Debug|x64
 		{ec21b515-5096-47c3-b369-5da87cb157e4}.Release|x64.ActiveCfg = Release|x64
 		{ec21b515-5096-47c3-b369-5da87cb157e4}.Release|x64.Build.0 = Release|x64

	EndGlobalSection
	GlobalSection(SolutionProperties) = preSolution
		HideSolutionNode = FALSE
	EndGlobalSection
	GlobalSection(ExtensibilityGlobals) = postSolution
		SolutionGuid = {cca15c82-76c0-439b-86b8-adfca26f54a1}
	EndGlobalSection
EndGlobal
